{
  "originHash" : "aac4ba74d5fbfb6de0e4e604cf2026012b81b983b7122256272d164c66339481",
  "pins" : [
    {
      "identity" : "midikit",
      "kind" : "remoteSourceControl",
      "location" : "https://github.com/orchetect/MIDIKit.git",
      "state" : {
        "revision" : "f947e7119c73a55c8a12b43f0073059cde746b01",
        "version" : "0.12.0"
      }
    },
    {
      "identity" : "swift-data-parsing",
      "kind" : "remoteSourceControl",
      "location" : "https://github.com/orchetect/swift-data-parsing",
      "state" : {
        "revision" : "b5c4d0455151c30069bb435e86a7cafa937c6e47",
        "version" : "0.1.2"
      }
    },
    {
      "identity" : "swift-timecode",
      "kind" : "remoteSourceControl",
      "location" : "https://github.com/orchetect/swift-timecode",
      "state" : {
        "revision" : "41c975cfe71de05f3430fbfaf791ffa9d3847886",
        "version" : "3.1.1"
      }
    }
  ],
  "version" : 3
}
